
Microsoft Visual Studio Solution File, Format Version 12.00
# Visual Studio 14
VisualStudioVersion = 14.0.23107.0
MinimumVisualStudioVersion = 10.0.40219.1
Project("{FAE04EC0-301F-11D3-BF4B-00C04F79EFBC}") = "MDI窗体", "MDI窗体\MDI窗体.csproj", "{04E0B4A0-87A2-48CE-A43B-03B5C11E8D8A}"
EndProject
Global
	GlobalSection(SolutionConfigurationPlatforms) = preSolution
		Debug|Any CPU = Debug|Any CPU
		Release|Any CPU = Release|Any CPU
	EndGlobalSection
	GlobalSection(ProjectConfigurationPlatforms) = postSolution
		{04E0B4A0-87A2-48CE-A43B-03B5C11E8D8A}.Debug|Any CPU.ActiveCfg = Debug|Any CPU
		{04E0B4A0-87A2-48CE-A43B-03B5C11E8D8A}.Debug|Any CPU.Build.0 = Debug|Any CPU
		{04E0B4A0-87A2-48CE-A43B-03B5C11E8D8A}.Release|Any CPU.ActiveCfg = Release|Any CPU
		{04E0B4A0-87A2-48CE-A43B-03B5C11E8D8A}.Release|Any CPU.Build.0 = Release|Any CPU
	EndGlobalSection
	GlobalSection(SolutionProperties) = preSolution
		HideSolutionNode = FALSE
	EndGlobalSection
EndGlobal
