
Microsoft Visual Studio Solution File, Format Version 12.00
# Visual Studio 14
VisualStudioVersion = 14.0.23107.0
MinimumVisualStudioVersion = 10.0.40219.1
Project("{FAE04EC0-301F-11D3-BF4B-00C04F79EFBC}") = "对数组进行排序", "对数组进行排序\对数组进行排序.csproj", "{36A48BA9-A65D-4B58-96D2-5E346BB60A64}"
EndProject
Global
	GlobalSection(SolutionConfigurationPlatforms) = preSolution
		Debug|Any CPU = Debug|Any CPU
		Release|Any CPU = Release|Any CPU
	EndGlobalSection
	GlobalSection(ProjectConfigurationPlatforms) = postSolution
		{36A48BA9-A65D-4B58-96D2-5E346BB60A64}.Debug|Any CPU.ActiveCfg = Debug|Any CPU
		{36A48BA9-A65D-4B58-96D2-5E346BB60A64}.Debug|Any CPU.Build.0 = Debug|Any CPU
		{36A48BA9-A65D-4B58-96D2-5E346BB60A64}.Release|Any CPU.ActiveCfg = Release|Any CPU
		{36A48BA9-A65D-4B58-96D2-5E346BB60A64}.Release|Any CPU.Build.0 = Release|Any CPU
	EndGlobalSection
	GlobalSection(SolutionProperties) = preSolution
		HideSolutionNode = FALSE
	EndGlobalSection
EndGlobal
