
Microsoft Visual Studio Solution File, Format Version 12.00
# Visual Studio 14
VisualStudioVersion = 14.0.23107.0
MinimumVisualStudioVersion = 10.0.40219.1
Project("{FAE04EC0-301F-11D3-BF4B-00C04F79EFBC}") = "方法重载作业", "方法重载作业\方法重载作业.csproj", "{EBCECEA2-56F1-473E-95F9-A3AB1A2A2680}"
EndProject
Global
	GlobalSection(SolutionConfigurationPlatforms) = preSolution
		Debug|Any CPU = Debug|Any CPU
		Release|Any CPU = Release|Any CPU
	EndGlobalSection
	GlobalSection(ProjectConfigurationPlatforms) = postSolution
		{EBCECEA2-56F1-473E-95F9-A3AB1A2A2680}.Debug|Any CPU.ActiveCfg = Debug|Any CPU
		{EBCECEA2-56F1-473E-95F9-A3AB1A2A2680}.Debug|Any CPU.Build.0 = Debug|Any CPU
		{EBCECEA2-56F1-473E-95F9-A3AB1A2A2680}.Release|Any CPU.ActiveCfg = Release|Any CPU
		{EBCECEA2-56F1-473E-95F9-A3AB1A2A2680}.Release|Any CPU.Build.0 = Release|Any CPU
	EndGlobalSection
	GlobalSection(SolutionProperties) = preSolution
		HideSolutionNode = FALSE
	EndGlobalSection
EndGlobal
